github.com/gonutz/d3d9 v1.2.1 h1:xcQLMKrAf+/hvFtsyc9LuLJ+qs6TPtbzuKYONRERpYo=
github.com/gonutz/d3d9 v1.2.1/go.mod h1:q74g3QbR280b+qYauwEV0N9SVadszWPLZ4l/wHiD/AA=
github.com/gonutz/ds v1.0.0 h1:GBgZTs+Rvimvq9qM8jij3xi+rUZNf0bux95uTFvUkXQ=
github.com/gonutz/ds v1.0.0/go.mod h1:nqfTfJeXtECo3mp5MH6EHAsruRB1z74bnhYQ6frgXoU=
github.com/gonutz/gl v1.0.0 h1:4T/gF/zEXx1GObi4m4NNjG7Jd9MRciNU7vp8N3bIfww=
github.com/gonutz/gl v1.0.0/go.mod h1:W+YuOtOvWK8ITUbz/5vm43HIU0OTFzM1q1rEj1VBi4A=
github.com/gonutz/glfw v1.0.2 h1:33lNFxnV3A0PY6a67fzMIc2aj6YOKX0PXbDdEC6p8SI=
github.com/gonutz/glfw v1.0.2/go.mod h1:ztHop1Nq2cOXD+1cX2OIcbIpWEDaU8SyBkNe0odynic=
github.com/gonutz/go-sdl2 v1.0.0 h1:48W+44xGtyDRaLaix3tAD5+ij/sCo0mOJQNh/7ZPyuA=
github.com/gonutz/go-sdl2 v1.0.0/go.mod h1:n3S/Rz7iWiUYZPIc5ye1ALt3/eINF5uUNRqkoDn3pQ4=
github.com/gonutz/mixer v1.0.0 h1:w1NY3OChH7ICTrrlC8IJ+yEsXbXq0P2/VtNBXYqgddw=
github.com/gonutz/mixer v1.0.0/go.mod h1:48Xg+NyQ/IduAK7zjy64CI01vtokXm/XgiefRE/K2yY=
github.com/gonutz/prototype v1.0.4 h1:agv1qAgQPkl9kza3m/njWZffshjmLQcQW76w2+gX/wc=
github.com/gonutz/prototype v1.0.4/go.mod h1:/76nFaXnZzH/5q6P1zEeYzM5ajKVUbyTevWi4Y4O9Z8=
github.com/gonutz/w32/v2 v2.0.1/go.mod h1:MgtHx0AScDVNKyB+kjyPder4xIi3XAcHS6LDDU2DmdE=
github.com/gonutz/w32/v2 v2.2.0 h1:XVC/Kd238O+gadaDEB+E6E+kn/UBhj2UNOS8v9QPc4Q=
github.com/gonutz/w32/v2 v2.2.0/go.mod h1:MgtHx0AScDVNKyB+kjyPder4xIi3XAcHS6LDDU2DmdE=
github.com/hajimehoshi/go-mp3 v0.3.2-0.20210408143705-17845891730b h1:gPBjYuIlg9Q4pq1qvS1zjDlYgW4xNlSabz2HxdXsqjk=
github.com/hajimehoshi/go-mp3 v0.3.2-0.20210408143705-17845891730b/go.mod h1:qMJj/CSDxx6CGHiZeCgbiq2DSUkbK0UbtXShQcnfyMM=
github.com/hajimehoshi/oto v0.6.1/go.mod h1:0QXGEkbuJRohbJaxr7ZQSxnju7hEhseiPx2hrh6raOI=
github.com/hajimehoshi/oto v0.7.1 h1:I7maFPz5MBCwiutOrz++DLdbr4rTzBsbBuV2VpgU9kk=
github.com/hajimehoshi/oto v0.7.1/go.mod h1:wovJ8WWMfFKvP587mhHgot/MBr4DnNy9m6EepeVGnos=
golang.org/x/exp v0.0.0-20190306152737-a1d7652674e8 h1:idBdZTd9UioThJp8KpM/rTSinK/ChZFBE43/WtIy8zg=
golang.org/x/exp v0.0.0-20190306152737-a1d7652674e8/go.mod h1:CJ0aWSM057203Lf6IL+f9T1iT9GByDxfZKAQTCR3kQA=
golang.org/x/image v0.0.0-20190227222117-0694c2d4d067 h1:KYGJGHOQy8oSi1fDlSpcZF0+juKwk/hEMv5SiwHogR0=
golang.org/x/image v0.0.0-20190227222117-0694c2d4d067/go.mod h1:kZ7UVZpmo3dzQBMxlp+ypCbDeSB+sBbTgSJuh5dn5js=
golang.org/x/mobile v0.0.0-20190415191353-3e0bab5405d6 h1:vyLBGJPIl9ZYbcQFM2USFmJBK6KI+t+z6jL0lbwjrnc=
golang.org/x/mobile v0.0.0-20190415191353-3e0bab5405d6/go.mod h1:E/iHnbuqvinMTCcRqshq8CkpyQDoeVncDDYHnLhea+o=
golang.org/x/sys v0.0.0-20190312061237-fead79001313/go.mod h1:h1NjWce9XRLGQEsW7wpKNCjG9DtNlClVuFLEZdDNbEs=
golang.org/x/sys v0.0.0-20190429190828-d89cdac9e872 h1:cGjJzUd8RgBw428LXP65YXni0aiGNA4Bl+ls8SmLOm8=
golang.org/x/sys v0.0.0-20190429190828-d89cdac9e872/go.mod h1:h1NjWce9XRLGQEsW7wpKNCjG9DtNlClVuFLEZdDNbEs=
golang.org/x/text v0.3.0/go.mod h1:NqM8EUOU14njkJ3fqMW+pc6Ldnwhi/IjpwHt7yyuwOQ=
